{
  "requires": true,
  "lockfileVersion": 1,
  "dependencies": {
    "@types/amap-js-api": {
      "version": "1.4.8",
      "resolved": "https://registry.npm.taobao.org/@types/amap-js-api/download/@types/amap-js-api-1.4.8.tgz",
      "integrity": "sha1-ZKFv6ZBLKQf4APLPdkzjxvh43as="
    },
    "@types/amap-js-api-geocoder": {
      "version": "1.4.0",
      "resolved": "https://registry.npm.taobao.org/@types/amap-js-api-geocoder/download/@types/amap-js-api-geocoder-1.4.0.tgz",
      "integrity": "sha1-m277fDDSg73L1RLLWQEHLjCRJWY=",
      "dev": true,
      "requires": {
        "@types/amap-js-api": "*"
      }
    },
    "@types/amap-js-api-place-search": {
      "version": "1.4.0",
      "resolved": "https://registry.npm.taobao.org/@types/amap-js-api-place-search/download/@types/amap-js-api-place-search-1.4.0.tgz",
      "integrity": "sha1-QNqAOOMzpDPKshP9YKaMUx6GkkE=",
      "requires": {
        "@types/amap-js-api": "*"
      }
    }
  }
}
